
Microsoft Visual Studio Solution File, Format Version 12.00
# Visual Studio Version 16
VisualStudioVersion = 16.0.29503.13
MinimumVisualStudioVersion = 10.0.40219.1
Project("{888888A0-9F3D-457C-B088-3A5042F75D52}") = "milp_py", "milp_py\milp_py.pyproj", "{7B86A31E-E242-48BC-82C7-01D446C7430D}"
EndProject
Global
	GlobalSection(SolutionConfigurationPlatforms) = preSolution
		Debug|Any CPU = Debug|Any CPU
		Release|Any CPU = Release|Any CPU
	EndGlobalSection
	GlobalSection(ProjectConfigurationPlatforms) = postSolution
		{7B86A31E-E242-48BC-82C7-01D446C7430D}.Debug|Any CPU.ActiveCfg = Debug|Any CPU
		{7B86A31E-E242-48BC-82C7-01D446C7430D}.Release|Any CPU.ActiveCfg = Release|Any CPU
	EndGlobalSection
	GlobalSection(SolutionProperties) = preSolution
		HideSolutionNode = FALSE
	EndGlobalSection
	GlobalSection(ExtensibilityGlobals) = postSolution
		SolutionGuid = {79FF2E31-F24F-4375-BAB0-BD443994928C}
	EndGlobalSection
EndGlobal
